
Microsoft Visual Studio Solution File, Format Version 12.00
# Visual Studio 14
VisualStudioVersion = 14.0.25420.1
MinimumVisualStudioVersion = 10.0.40219.1
Project("{FAE04EC0-301F-11D3-BF4B-00C04F79EFBC}") = "ApiTest", "ApiTest\ApiTest.csproj", "{916C287E-3B2B-4A3E-B0E3-8DE2CCB54095}"
EndProject
Project("{2150E333-8FDC-42A3-9474-1A3956D46DE8}") = "PublishScripts", "PublishScripts", "{E1EF8A21-E9B6-4A29-AF7D-B164BEB9E8D7}"
	ProjectSection(SolutionItems) = preProject
		PublishScripts\AzureVMPublishModule.psm1 = PublishScripts\AzureVMPublishModule.psm1
		PublishScripts\Publish-WebApplicationVM.ps1 = PublishScripts\Publish-WebApplicationVM.ps1
	EndProjectSection
EndProject
Project("{2150E333-8FDC-42A3-9474-1A3956D46DE8}") = "Configurations", "Configurations", "{5C6E6746-D368-402E-8017-741A8504AB78}"
	ProjectSection(SolutionItems) = preProject
		PublishScripts\Configurations\ApiTest-VM-dev.json = PublishScripts\Configurations\ApiTest-VM-dev.json
	EndProjectSection
EndProject
Global
	GlobalSection(SolutionConfigurationPlatforms) = preSolution
		Debug|Any CPU = Debug|Any CPU
		Release|Any CPU = Release|Any CPU
	EndGlobalSection
	GlobalSection(ProjectConfigurationPlatforms) = postSolution
		{916C287E-3B2B-4A3E-B0E3-8DE2CCB54095}.Debug|Any CPU.ActiveCfg = Debug|Any CPU
		{916C287E-3B2B-4A3E-B0E3-8DE2CCB54095}.Debug|Any CPU.Build.0 = Debug|Any CPU
		{916C287E-3B2B-4A3E-B0E3-8DE2CCB54095}.Release|Any CPU.ActiveCfg = Release|Any CPU
		{916C287E-3B2B-4A3E-B0E3-8DE2CCB54095}.Release|Any CPU.Build.0 = Release|Any CPU
	EndGlobalSection
	GlobalSection(SolutionProperties) = preSolution
		HideSolutionNode = FALSE
	EndGlobalSection
	GlobalSection(NestedProjects) = preSolution
		{5C6E6746-D368-402E-8017-741A8504AB78} = {E1EF8A21-E9B6-4A29-AF7D-B164BEB9E8D7}
	EndGlobalSection
EndGlobal
